
Microsoft Visual Studio Solution File, Format Version 12.00
# Visual Studio Version 16
VisualStudioVersion = 16.0.29806.167
MinimumVisualStudioVersion = 10.0.40219.1
Project("{9A19103F-16F7-4668-BE54-9A1E7A4F7556}") = "Authorization.WebApi", "Authorization.WebApi\Authorization.WebApi.csproj", "{ABC98AB2-C6D6-4EE6-B2C0-D5562E1D949F}"
EndProject
Project("{9A19103F-16F7-4668-BE54-9A1E7A4F7556}") = "Authorization.WebApi.IntegrationTests", "Authorization.WebApi.IntegrationTests\Authorization.WebApi.IntegrationTests.csproj", "{0D8C1862-A55B-4829-9E92-110FA5EEDC2D}"
EndProject
Project("{9A19103F-16F7-4668-BE54-9A1E7A4F7556}") = "Authorization.EF", "Authorization.EF\Authorization.EF.csproj", "{A9E6BA20-8B58-4BF7-ADD3-7A063702DBF2}"
EndProject
Project("{9A19103F-16F7-4668-BE54-9A1E7A4F7556}") = "Authorization.EF.Tests", "Authorization.EF.Tests\Authorization.EF.Tests.csproj", "{2CA4E61B-D86B-4B34-96D7-8038467FEDC8}"
EndProject
Project("{9A19103F-16F7-4668-BE54-9A1E7A4F7556}") = "Authorization.Domain", "Authorization.Domain\Authorization.Domain.csproj", "{007411D8-FF96-4E85-8AF3-DD7D8FFAA6B6}"
EndProject
Project("{9A19103F-16F7-4668-BE54-9A1E7A4F7556}") = "Authorization.Domain.Tests", "Authorization.Domain.Tests\Authorization.Domain.Tests.csproj", "{BEE57ADB-3558-4B09-BEAA-842AFC778EDE}"
EndProject
Project("{9A19103F-16F7-4668-BE54-9A1E7A4F7556}") = "Authorization.Infrastructure", "Authorization.Infrastructure\Authorization.Infrastructure.csproj", "{3C61A604-F439-49B8-BB05-F30B3BD78639}"
EndProject
Project("{9A19103F-16F7-4668-BE54-9A1E7A4F7556}") = "Authorization.Infrastructure.Tests", "Authorization.Infrastructure.Tests\Authorization.Infrastructure.Tests.csproj", "{7471E710-1703-42C2-9B3C-9E0EBEBA7B45}"
EndProject
Global
	GlobalSection(SolutionConfigurationPlatforms) = preSolution
		Debug|Any CPU = Debug|Any CPU
		Release|Any CPU = Release|Any CPU
	EndGlobalSection
	GlobalSection(ProjectConfigurationPlatforms) = postSolution
		{ABC98AB2-C6D6-4EE6-B2C0-D5562E1D949F}.Debug|Any CPU.ActiveCfg = Debug|Any CPU
		{ABC98AB2-C6D6-4EE6-B2C0-D5562E1D949F}.Debug|Any CPU.Build.0 = Debug|Any CPU
		{ABC98AB2-C6D6-4EE6-B2C0-D5562E1D949F}.Release|Any CPU.ActiveCfg = Release|Any CPU
		{ABC98AB2-C6D6-4EE6-B2C0-D5562E1D949F}.Release|Any CPU.Build.0 = Release|Any CPU
		{0D8C1862-A55B-4829-9E92-110FA5EEDC2D}.Debug|Any CPU.ActiveCfg = Debug|Any CPU
		{0D8C1862-A55B-4829-9E92-110FA5EEDC2D}.Debug|Any CPU.Build.0 = Debug|Any CPU
		{0D8C1862-A55B-4829-9E92-110FA5EEDC2D}.Release|Any CPU.ActiveCfg = Release|Any CPU
		{0D8C1862-A55B-4829-9E92-110FA5EEDC2D}.Release|Any CPU.Build.0 = Release|Any CPU
		{A9E6BA20-8B58-4BF7-ADD3-7A063702DBF2}.Debug|Any CPU.ActiveCfg = Debug|Any CPU
		{A9E6BA20-8B58-4BF7-ADD3-7A063702DBF2}.Debug|Any CPU.Build.0 = Debug|Any CPU
		{A9E6BA20-8B58-4BF7-ADD3-7A063702DBF2}.Release|Any CPU.ActiveCfg = Release|Any CPU
		{A9E6BA20-8B58-4BF7-ADD3-7A063702DBF2}.Release|Any CPU.Build.0 = Release|Any CPU
		{2CA4E61B-D86B-4B34-96D7-8038467FEDC8}.Debug|Any CPU.ActiveCfg = Debug|Any CPU
		{2CA4E61B-D86B-4B34-96D7-8038467FEDC8}.Debug|Any CPU.Build.0 = Debug|Any CPU
		{2CA4E61B-D86B-4B34-96D7-8038467FEDC8}.Release|Any CPU.ActiveCfg = Release|Any CPU
		{2CA4E61B-D86B-4B34-96D7-8038467FEDC8}.Release|Any CPU.Build.0 = Release|Any CPU
		{007411D8-FF96-4E85-8AF3-DD7D8FFAA6B6}.Debug|Any CPU.ActiveCfg = Debug|Any CPU
		{007411D8-FF96-4E85-8AF3-DD7D8FFAA6B6}.Debug|Any CPU.Build.0 = Debug|Any CPU
		{007411D8-FF96-4E85-8AF3-DD7D8FFAA6B6}.Release|Any CPU.ActiveCfg = Release|Any CPU
		{007411D8-FF96-4E85-8AF3-DD7D8FFAA6B6}.Release|Any CPU.Build.0 = Release|Any CPU
		{BEE57ADB-3558-4B09-BEAA-842AFC778EDE}.Debug|Any CPU.ActiveCfg = Debug|Any CPU
		{BEE57ADB-3558-4B09-BEAA-842AFC778EDE}.Debug|Any CPU.Build.0 = Debug|Any CPU
		{BEE57ADB-3558-4B09-BEAA-842AFC778EDE}.Release|Any CPU.ActiveCfg = Release|Any CPU
		{BEE57ADB-3558-4B09-BEAA-842AFC778EDE}.Release|Any CPU.Build.0 = Release|Any CPU
		{3C61A604-F439-49B8-BB05-F30B3BD78639}.Debug|Any CPU.ActiveCfg = Debug|Any CPU
		{3C61A604-F439-49B8-BB05-F30B3BD78639}.Debug|Any CPU.Build.0 = Debug|Any CPU
		{3C61A604-F439-49B8-BB05-F30B3BD78639}.Release|Any CPU.ActiveCfg = Release|Any CPU
		{3C61A604-F439-49B8-BB05-F30B3BD78639}.Release|Any CPU.Build.0 = Release|Any CPU
		{7471E710-1703-42C2-9B3C-9E0EBEBA7B45}.Debug|Any CPU.ActiveCfg = Debug|Any CPU
		{7471E710-1703-42C2-9B3C-9E0EBEBA7B45}.Debug|Any CPU.Build.0 = Debug|Any CPU
		{7471E710-1703-42C2-9B3C-9E0EBEBA7B45}.Release|Any CPU.ActiveCfg = Release|Any CPU
		{7471E710-1703-42C2-9B3C-9E0EBEBA7B45}.Release|Any CPU.Build.0 = Release|Any CPU
	EndGlobalSection
	GlobalSection(SolutionProperties) = preSolution
		HideSolutionNode = FALSE
	EndGlobalSection
	GlobalSection(ExtensibilityGlobals) = postSolution
		SolutionGuid = {B6FEB394-7177-40FA-AFE3-BBC2EA73F9DC}
	EndGlobalSection
EndGlobal


